
Microsoft Visual Studio Solution File, Format Version 12.00
# Visual Studio Version 17
VisualStudioVersion = 17.5.33424.131
MinimumVisualStudioVersion = 10.0.40219.1
Project("{FAE04EC0-301F-11D3-BF4B-00C04F79EFBC}") = "CaptureTaskManager", "CaptureTaskManager\CaptureTaskManager_NET48.csproj", "{D33569C6-2077-4502-AFD1-49F077F3F55F}"
	ProjectSection(ProjectDependencies) = postProject
		{7D07F054-0D29-45DD-9B22-71D0768BC3C3} = {7D07F054-0D29-45DD-9B22-71D0768BC3C3}
	EndProjectSection
EndProject
Project("{FAE04EC0-301F-11D3-BF4B-00C04F79EFBC}") = "CTM_Shared", "CTM_Shared\CTM_Shared_NET48.csproj", "{7D07F054-0D29-45DD-9B22-71D0768BC3C3}"
EndProject
Global
	GlobalSection(SolutionConfigurationPlatforms) = preSolution
		Debug|Any CPU = Debug|Any CPU
		Release|Any CPU = Release|Any CPU
	EndGlobalSection
	GlobalSection(ProjectConfigurationPlatforms) = postSolution
		{D33569C6-2077-4502-AFD1-49F077F3F55F}.Debug|Any CPU.ActiveCfg = Debug|Any CPU
		{D33569C6-2077-4502-AFD1-49F077F3F55F}.Debug|Any CPU.Build.0 = Debug|Any CPU
		{D33569C6-2077-4502-AFD1-49F077F3F55F}.Release|Any CPU.ActiveCfg = Release|Any CPU
		{D33569C6-2077-4502-AFD1-49F077F3F55F}.Release|Any CPU.Build.0 = Release|Any CPU
		{7D07F054-0D29-45DD-9B22-71D0768BC3C3}.Debug|Any CPU.ActiveCfg = Debug|Any CPU
		{7D07F054-0D29-45DD-9B22-71D0768BC3C3}.Debug|Any CPU.Build.0 = Debug|Any CPU
		{7D07F054-0D29-45DD-9B22-71D0768BC3C3}.Release|Any CPU.ActiveCfg = Release|Any CPU
		{7D07F054-0D29-45DD-9B22-71D0768BC3C3}.Release|Any CPU.Build.0 = Release|Any CPU
	EndGlobalSection
	GlobalSection(SolutionProperties) = preSolution
		HideSolutionNode = FALSE
	EndGlobalSection
	GlobalSection(ExtensibilityGlobals) = postSolution
		SolutionGuid = {52F94F6E-E621-4B60-85BF-122D108EDB2A}
	EndGlobalSection
EndGlobal
