
Microsoft Visual Studio Solution File, Format Version 12.00
# Visual Studio Version 16
VisualStudioVersion = 16.0.28803.452
MinimumVisualStudioVersion = 10.0.40219.1
Project("{FAE04EC0-301F-11D3-BF4B-00C04F79EFBC}") = "SrcFileRenamePlugin", "SrcFileRenamePlugin.csproj", "{D630AA92-126B-46B9-BC68-3FF277445ACE}"
EndProject
Global
	GlobalSection(SolutionConfigurationPlatforms) = preSolution
		Debug|Any CPU = Debug|Any CPU
		Release|Any CPU = Release|Any CPU
	EndGlobalSection
	GlobalSection(ProjectConfigurationPlatforms) = postSolution
		{D630AA92-126B-46B9-BC68-3FF277445ACE}.Debug|Any CPU.ActiveCfg = Debug|Any CPU
		{D630AA92-126B-46B9-BC68-3FF277445ACE}.Debug|Any CPU.Build.0 = Debug|Any CPU
		{D630AA92-126B-46B9-BC68-3FF277445ACE}.Release|Any CPU.ActiveCfg = Release|Any CPU
		{D630AA92-126B-46B9-BC68-3FF277445ACE}.Release|Any CPU.Build.0 = Release|Any CPU
	EndGlobalSection
	GlobalSection(SolutionProperties) = preSolution
		HideSolutionNode = FALSE
	EndGlobalSection
	GlobalSection(ExtensibilityGlobals) = postSolution
		SolutionGuid = {CC05AC4D-EDDB-46F2-B8E3-4E0FA1829F40}
	EndGlobalSection
EndGlobal
