
Microsoft Visual Studio Solution File, Format Version 12.00
# Visual Studio 15
VisualStudioVersion = 15.0.28307.329
MinimumVisualStudioVersion = 10.0.40219.1
Project("{FAE04EC0-301F-11D3-BF4B-00C04F79EFBC}") = "ArchiveStatusCheckPlugin", "ArchiveStatusCheckPlugin.csproj", "{D63AD810-5835-49D6-B14F-334E6EA2CB40}"
EndProject
Global
	GlobalSection(SolutionConfigurationPlatforms) = preSolution
		Debug|Any CPU = Debug|Any CPU
		Release|Any CPU = Release|Any CPU
	EndGlobalSection
	GlobalSection(ProjectConfigurationPlatforms) = postSolution
		{D63AD810-5835-49D6-B14F-334E6EA2CB40}.Debug|Any CPU.ActiveCfg = Debug|Any CPU
		{D63AD810-5835-49D6-B14F-334E6EA2CB40}.Debug|Any CPU.Build.0 = Debug|Any CPU
		{D63AD810-5835-49D6-B14F-334E6EA2CB40}.Release|Any CPU.ActiveCfg = Release|Any CPU
		{D63AD810-5835-49D6-B14F-334E6EA2CB40}.Release|Any CPU.Build.0 = Release|Any CPU
	EndGlobalSection
	GlobalSection(SolutionProperties) = preSolution
		HideSolutionNode = FALSE
	EndGlobalSection
	GlobalSection(ExtensibilityGlobals) = postSolution
		SolutionGuid = {BA6B03EE-900F-4DF1-804C-526C49A2D093}
	EndGlobalSection
EndGlobal
