
Microsoft Visual Studio Solution File, Format Version 12.00
# Visual Studio 15
VisualStudioVersion = 15.0.26403.0
MinimumVisualStudioVersion = 10.0.40219.1
Project("{FAE04EC0-301F-11D3-BF4B-00C04F79EFBC}") = "CaptureTaskManager_Debug_Archive", "CaptureTaskManager\CaptureTaskManager_Debug_Archive.csproj", "{5188F87C-12F1-4629-BD78-8E1004FF0B6E}"
EndProject
Project("{FAE04EC0-301F-11D3-BF4B-00C04F79EFBC}") = "CTM_Shared", "CTM_Shared\CTM_Shared.csproj", "{7D07F054-0D29-45DD-9B22-71D0768BC3C3}"
EndProject
Project("{FAE04EC0-301F-11D3-BF4B-00C04F79EFBC}") = "DatasetArchivePlugin", "..\DatasetArchivePlugin\DatasetArchivePlugin\DatasetArchivePlugin.csproj", "{FC0E683A-38BE-494C-93F1-65747197DCD7}"
EndProject
Project("{FAE04EC0-301F-11D3-BF4B-00C04F79EFBC}") = "Pacifica.Core", "..\Pacifica\Pacifica.Core\Pacifica.Core.csproj", "{46D080DA-392C-4F7C-B2F7-683695B1C029}"
EndProject
Project("{FAE04EC0-301F-11D3-BF4B-00C04F79EFBC}") = "Pacifica.DMS_Metadata", "..\Pacifica\Pacifica.DMS_Metadata\Pacifica.DMS_Metadata.csproj", "{EDACD83A-AA92-4481-BB69-A28C67A6C7F9}"
EndProject
Project("{FAE04EC0-301F-11D3-BF4B-00C04F79EFBC}") = "ArchiveVerifyPlugin", "..\ArchiveVerifyPlugin\ArchiveVerifyPlugin.csproj", "{2016D3F6-9AF1-45D8-A0B2-49202D5376D5}"
EndProject
Project("{FAE04EC0-301F-11D3-BF4B-00C04F79EFBC}") = "ArchiveStatusCheckPlugin", "..\ArchiveStatusCheckPlugin\ArchiveStatusCheckPlugin.csproj", "{D63AD810-5835-49D6-B14F-334E6EA2CB40}"
EndProject
Global
	GlobalSection(SolutionConfigurationPlatforms) = preSolution
		Debug|Any CPU = Debug|Any CPU
		Debug|x64 = Debug|x64
		Debug|x86 = Debug|x86
		Release|Any CPU = Release|Any CPU
		Release|x64 = Release|x64
		Release|x86 = Release|x86
	EndGlobalSection
	GlobalSection(ProjectConfigurationPlatforms) = postSolution
		{5188F87C-12F1-4629-BD78-8E1004FF0B6E}.Debug|Any CPU.ActiveCfg = Debug|Any CPU
		{5188F87C-12F1-4629-BD78-8E1004FF0B6E}.Debug|Any CPU.Build.0 = Debug|Any CPU
		{5188F87C-12F1-4629-BD78-8E1004FF0B6E}.Debug|x64.ActiveCfg = Debug|x86
		{5188F87C-12F1-4629-BD78-8E1004FF0B6E}.Debug|x86.ActiveCfg = Debug|x86
		{5188F87C-12F1-4629-BD78-8E1004FF0B6E}.Debug|x86.Build.0 = Debug|x86
		{5188F87C-12F1-4629-BD78-8E1004FF0B6E}.Release|Any CPU.ActiveCfg = Release|x86
		{5188F87C-12F1-4629-BD78-8E1004FF0B6E}.Release|x64.ActiveCfg = Release|x86
		{5188F87C-12F1-4629-BD78-8E1004FF0B6E}.Release|x86.ActiveCfg = Release|x86
		{7D07F054-0D29-45DD-9B22-71D0768BC3C3}.Debug|Any CPU.ActiveCfg = Debug|Any CPU
		{7D07F054-0D29-45DD-9B22-71D0768BC3C3}.Debug|Any CPU.Build.0 = Debug|Any CPU
		{7D07F054-0D29-45DD-9B22-71D0768BC3C3}.Debug|x64.ActiveCfg = Debug|x86
		{7D07F054-0D29-45DD-9B22-71D0768BC3C3}.Debug|x86.ActiveCfg = Debug|x86
		{7D07F054-0D29-45DD-9B22-71D0768BC3C3}.Debug|x86.Build.0 = Debug|x86
		{7D07F054-0D29-45DD-9B22-71D0768BC3C3}.Release|Any CPU.ActiveCfg = Release|x86
		{7D07F054-0D29-45DD-9B22-71D0768BC3C3}.Release|x64.ActiveCfg = Release|x86
		{7D07F054-0D29-45DD-9B22-71D0768BC3C3}.Release|x86.ActiveCfg = Release|x86
		{7D07F054-0D29-45DD-9B22-71D0768BC3C3}.Release|x86.Build.0 = Release|x86
		{FC0E683A-38BE-494C-93F1-65747197DCD7}.Debug|Any CPU.ActiveCfg = Debug|Any CPU
		{FC0E683A-38BE-494C-93F1-65747197DCD7}.Debug|Any CPU.Build.0 = Debug|Any CPU
		{FC0E683A-38BE-494C-93F1-65747197DCD7}.Debug|x64.ActiveCfg = Debug|x86
		{FC0E683A-38BE-494C-93F1-65747197DCD7}.Debug|x86.ActiveCfg = Debug|x86
		{FC0E683A-38BE-494C-93F1-65747197DCD7}.Debug|x86.Build.0 = Debug|x86
		{FC0E683A-38BE-494C-93F1-65747197DCD7}.Release|Any CPU.ActiveCfg = Release|x86
		{FC0E683A-38BE-494C-93F1-65747197DCD7}.Release|x64.ActiveCfg = Release|x86
		{FC0E683A-38BE-494C-93F1-65747197DCD7}.Release|x86.ActiveCfg = Release|x86
		{FC0E683A-38BE-494C-93F1-65747197DCD7}.Release|x86.Build.0 = Release|x86
		{46D080DA-392C-4F7C-B2F7-683695B1C029}.Debug|Any CPU.ActiveCfg = Debug|Any CPU
		{46D080DA-392C-4F7C-B2F7-683695B1C029}.Debug|Any CPU.Build.0 = Debug|Any CPU
		{46D080DA-392C-4F7C-B2F7-683695B1C029}.Debug|x64.ActiveCfg = Debug|Any CPU
		{46D080DA-392C-4F7C-B2F7-683695B1C029}.Debug|x64.Build.0 = Debug|Any CPU
		{46D080DA-392C-4F7C-B2F7-683695B1C029}.Debug|x86.ActiveCfg = Debug|Any CPU
		{46D080DA-392C-4F7C-B2F7-683695B1C029}.Debug|x86.Build.0 = Debug|Any CPU
		{46D080DA-392C-4F7C-B2F7-683695B1C029}.Release|Any CPU.ActiveCfg = Release|Any CPU
		{46D080DA-392C-4F7C-B2F7-683695B1C029}.Release|Any CPU.Build.0 = Release|Any CPU
		{46D080DA-392C-4F7C-B2F7-683695B1C029}.Release|x64.ActiveCfg = Release|Any CPU
		{46D080DA-392C-4F7C-B2F7-683695B1C029}.Release|x64.Build.0 = Release|Any CPU
		{46D080DA-392C-4F7C-B2F7-683695B1C029}.Release|x86.ActiveCfg = Release|Any CPU
		{46D080DA-392C-4F7C-B2F7-683695B1C029}.Release|x86.Build.0 = Release|Any CPU
		{EDACD83A-AA92-4481-BB69-A28C67A6C7F9}.Debug|Any CPU.ActiveCfg = Debug|Any CPU
		{EDACD83A-AA92-4481-BB69-A28C67A6C7F9}.Debug|Any CPU.Build.0 = Debug|Any CPU
		{EDACD83A-AA92-4481-BB69-A28C67A6C7F9}.Debug|x64.ActiveCfg = Debug|Any CPU
		{EDACD83A-AA92-4481-BB69-A28C67A6C7F9}.Debug|x64.Build.0 = Debug|Any CPU
		{EDACD83A-AA92-4481-BB69-A28C67A6C7F9}.Debug|x86.ActiveCfg = Debug|Any CPU
		{EDACD83A-AA92-4481-BB69-A28C67A6C7F9}.Debug|x86.Build.0 = Debug|Any CPU
		{EDACD83A-AA92-4481-BB69-A28C67A6C7F9}.Release|Any CPU.ActiveCfg = Release|Any CPU
		{EDACD83A-AA92-4481-BB69-A28C67A6C7F9}.Release|Any CPU.Build.0 = Release|Any CPU
		{EDACD83A-AA92-4481-BB69-A28C67A6C7F9}.Release|x64.ActiveCfg = Release|Any CPU
		{EDACD83A-AA92-4481-BB69-A28C67A6C7F9}.Release|x64.Build.0 = Release|Any CPU
		{EDACD83A-AA92-4481-BB69-A28C67A6C7F9}.Release|x86.ActiveCfg = Release|Any CPU
		{EDACD83A-AA92-4481-BB69-A28C67A6C7F9}.Release|x86.Build.0 = Release|Any CPU
		{2016D3F6-9AF1-45D8-A0B2-49202D5376D5}.Debug|Any CPU.ActiveCfg = Debug|Any CPU
		{2016D3F6-9AF1-45D8-A0B2-49202D5376D5}.Debug|Any CPU.Build.0 = Debug|Any CPU
		{2016D3F6-9AF1-45D8-A0B2-49202D5376D5}.Debug|x64.ActiveCfg = Debug|x86
		{2016D3F6-9AF1-45D8-A0B2-49202D5376D5}.Debug|x86.ActiveCfg = Debug|x86
		{2016D3F6-9AF1-45D8-A0B2-49202D5376D5}.Debug|x86.Build.0 = Debug|x86
		{2016D3F6-9AF1-45D8-A0B2-49202D5376D5}.Release|Any CPU.ActiveCfg = Release|x86
		{2016D3F6-9AF1-45D8-A0B2-49202D5376D5}.Release|x64.ActiveCfg = Release|x86
		{2016D3F6-9AF1-45D8-A0B2-49202D5376D5}.Release|x86.ActiveCfg = Release|x86
		{2016D3F6-9AF1-45D8-A0B2-49202D5376D5}.Release|x86.Build.0 = Release|x86
		{D63AD810-5835-49D6-B14F-334E6EA2CB40}.Debug|Any CPU.ActiveCfg = Debug|Any CPU
		{D63AD810-5835-49D6-B14F-334E6EA2CB40}.Debug|Any CPU.Build.0 = Debug|Any CPU
		{D63AD810-5835-49D6-B14F-334E6EA2CB40}.Debug|x64.ActiveCfg = Debug|Any CPU
		{D63AD810-5835-49D6-B14F-334E6EA2CB40}.Debug|x86.ActiveCfg = Debug|x86
		{D63AD810-5835-49D6-B14F-334E6EA2CB40}.Debug|x86.Build.0 = Debug|x86
		{D63AD810-5835-49D6-B14F-334E6EA2CB40}.Release|Any CPU.ActiveCfg = Release|Any CPU
		{D63AD810-5835-49D6-B14F-334E6EA2CB40}.Release|Any CPU.Build.0 = Release|Any CPU
		{D63AD810-5835-49D6-B14F-334E6EA2CB40}.Release|x64.ActiveCfg = Release|Any CPU
		{D63AD810-5835-49D6-B14F-334E6EA2CB40}.Release|x86.ActiveCfg = Release|x86
		{D63AD810-5835-49D6-B14F-334E6EA2CB40}.Release|x86.Build.0 = Release|x86
	EndGlobalSection
	GlobalSection(SolutionProperties) = preSolution
		HideSolutionNode = FALSE
	EndGlobalSection
EndGlobal
