
Microsoft Visual Studio Solution File, Format Version 12.00
# Visual Studio Version 16
VisualStudioVersion = 16.0.28917.181
MinimumVisualStudioVersion = 10.0.40219.1
Project("{FAE04EC0-301F-11D3-BF4B-00C04F79EFBC}") = "CaptureTaskManager_Debug", "CaptureTaskManager\CaptureTaskManager_Debug.csproj", "{93485E0E-3A78-4118-B36B-BA71334752AF}"
EndProject
Project("{FAE04EC0-301F-11D3-BF4B-00C04F79EFBC}") = "CTM_Shared", "CTM_Shared\CTM_Shared.csproj", "{7D07F054-0D29-45DD-9B22-71D0768BC3C3}"
EndProject
Project("{FAE04EC0-301F-11D3-BF4B-00C04F79EFBC}") = "Pacifica.Core", "..\Pacifica\Pacifica.Core\Pacifica.Core.csproj", "{46D080DA-392C-4F7C-B2F7-683695B1C029}"
EndProject
Project("{FAE04EC0-301F-11D3-BF4B-00C04F79EFBC}") = "CaptureToolPlugin", "..\CaptureToolPlugin\CaptureToolPlugin\CaptureToolPlugin.csproj", "{1B2E1580-C202-4991-A2E9-E2F1A54FA73D}"
EndProject
Project("{FAE04EC0-301F-11D3-BF4B-00C04F79EFBC}") = "ArchiveStatusCheckPlugin", "..\ArchiveStatusCheckPlugin\ArchiveStatusCheckPlugin.csproj", "{D63AD810-5835-49D6-B14F-334E6EA2CB40}"
	ProjectSection(ProjectDependencies) = postProject
		{7D07F054-0D29-45DD-9B22-71D0768BC3C3} = {7D07F054-0D29-45DD-9B22-71D0768BC3C3}
	EndProjectSection
EndProject
Project("{FAE04EC0-301F-11D3-BF4B-00C04F79EFBC}") = "ArchiveVerifyPlugin", "..\ArchiveVerifyPlugin\ArchiveVerifyPlugin.csproj", "{2016D3F6-9AF1-45D8-A0B2-49202D5376D5}"
	ProjectSection(ProjectDependencies) = postProject
		{7D07F054-0D29-45DD-9B22-71D0768BC3C3} = {7D07F054-0D29-45DD-9B22-71D0768BC3C3}
	EndProjectSection
EndProject
Project("{FAE04EC0-301F-11D3-BF4B-00C04F79EFBC}") = "DatasetArchivePlugin", "..\DatasetArchivePlugin\DatasetArchivePlugin\DatasetArchivePlugin.csproj", "{FC0E683A-38BE-494C-93F1-65747197DCD7}"
	ProjectSection(ProjectDependencies) = postProject
		{7D07F054-0D29-45DD-9B22-71D0768BC3C3} = {7D07F054-0D29-45DD-9B22-71D0768BC3C3}
	EndProjectSection
EndProject
Project("{FAE04EC0-301F-11D3-BF4B-00C04F79EFBC}") = "DatasetInfoPlugin", "..\DatasetInfoPlugin\DatasetInfoPlugin\DatasetInfoPlugin.csproj", "{4C1F0E64-B3F7-4826-98D5-95EC14146F95}"
	ProjectSection(ProjectDependencies) = postProject
		{7D07F054-0D29-45DD-9B22-71D0768BC3C3} = {7D07F054-0D29-45DD-9B22-71D0768BC3C3}
	EndProjectSection
EndProject
Project("{FAE04EC0-301F-11D3-BF4B-00C04F79EFBC}") = "DatasetIntegrityPlugin", "..\DatasetIntegrityPlugin\DatasetIntegrityPlugin\DatasetIntegrityPlugin.csproj", "{F876BBF0-1E1C-4780-BE02-945E1FD80E8B}"
	ProjectSection(ProjectDependencies) = postProject
		{7D07F054-0D29-45DD-9B22-71D0768BC3C3} = {7D07F054-0D29-45DD-9B22-71D0768BC3C3}
	EndProjectSection
EndProject
Project("{FAE04EC0-301F-11D3-BF4B-00C04F79EFBC}") = "DatasetQualityPlugin", "..\DatasetQualityPlugin\DatasetQualityPlugin\DatasetQualityPlugin.csproj", "{E99901C3-ABF3-4061-BF19-F290EEF65935}"
	ProjectSection(ProjectDependencies) = postProject
		{7D07F054-0D29-45DD-9B22-71D0768BC3C3} = {7D07F054-0D29-45DD-9B22-71D0768BC3C3}
	EndProjectSection
EndProject
Project("{FAE04EC0-301F-11D3-BF4B-00C04F79EFBC}") = "ImsDemuxPlugin", "..\ImsDemuxPlugin\ImsDemuxPlugin\ImsDemuxPlugin.csproj", "{E0998604-16D1-4525-8414-A65EF7BC15C8}"
	ProjectSection(ProjectDependencies) = postProject
		{7D07F054-0D29-45DD-9B22-71D0768BC3C3} = {7D07F054-0D29-45DD-9B22-71D0768BC3C3}
	EndProjectSection
EndProject
Project("{FAE04EC0-301F-11D3-BF4B-00C04F79EFBC}") = "SrcFileRenamePlugin", "..\SrcFileRenamePlugin\SrcFileRenamePlugin\SrcFileRenamePlugin.csproj", "{D630AA92-126B-46B9-BC68-3FF277445ACE}"
	ProjectSection(ProjectDependencies) = postProject
		{7D07F054-0D29-45DD-9B22-71D0768BC3C3} = {7D07F054-0D29-45DD-9B22-71D0768BC3C3}
	EndProjectSection
EndProject
Project("{FAE04EC0-301F-11D3-BF4B-00C04F79EFBC}") = "Pacifica.DMS_Metadata", "..\Pacifica\Pacifica.DMS_Metadata\Pacifica.DMS_Metadata.csproj", "{EDACD83A-AA92-4481-BB69-A28C67A6C7F9}"
EndProject
Project("{FAE04EC0-301F-11D3-BF4B-00C04F79EFBC}") = "Pacifica.Upload", "..\Pacifica\Pacifica.Upload\Pacifica.Upload.csproj", "{4E0A4851-EB71-491C-8027-4AF7B6A830BB}"
EndProject
Global
	GlobalSection(SolutionConfigurationPlatforms) = preSolution
		Debug|Any CPU = Debug|Any CPU
		Release|Any CPU = Release|Any CPU
	EndGlobalSection
	GlobalSection(ProjectConfigurationPlatforms) = postSolution
		{93485E0E-3A78-4118-B36B-BA71334752AF}.Debug|Any CPU.ActiveCfg = Debug|Any CPU
		{93485E0E-3A78-4118-B36B-BA71334752AF}.Debug|Any CPU.Build.0 = Debug|Any CPU
		{93485E0E-3A78-4118-B36B-BA71334752AF}.Release|Any CPU.ActiveCfg = Release|Any CPU
		{93485E0E-3A78-4118-B36B-BA71334752AF}.Release|Any CPU.Build.0 = Release|Any CPU
		{7D07F054-0D29-45DD-9B22-71D0768BC3C3}.Debug|Any CPU.ActiveCfg = Debug|Any CPU
		{7D07F054-0D29-45DD-9B22-71D0768BC3C3}.Debug|Any CPU.Build.0 = Debug|Any CPU
		{7D07F054-0D29-45DD-9B22-71D0768BC3C3}.Release|Any CPU.ActiveCfg = Release|Any CPU
		{7D07F054-0D29-45DD-9B22-71D0768BC3C3}.Release|Any CPU.Build.0 = Release|Any CPU
		{46D080DA-392C-4F7C-B2F7-683695B1C029}.Debug|Any CPU.ActiveCfg = Debug|Any CPU
		{46D080DA-392C-4F7C-B2F7-683695B1C029}.Debug|Any CPU.Build.0 = Debug|Any CPU
		{46D080DA-392C-4F7C-B2F7-683695B1C029}.Release|Any CPU.ActiveCfg = Release|Any CPU
		{46D080DA-392C-4F7C-B2F7-683695B1C029}.Release|Any CPU.Build.0 = Release|Any CPU
		{1B2E1580-C202-4991-A2E9-E2F1A54FA73D}.Debug|Any CPU.ActiveCfg = Debug|Any CPU
		{1B2E1580-C202-4991-A2E9-E2F1A54FA73D}.Debug|Any CPU.Build.0 = Debug|Any CPU
		{1B2E1580-C202-4991-A2E9-E2F1A54FA73D}.Release|Any CPU.ActiveCfg = Release|x86
		{D63AD810-5835-49D6-B14F-334E6EA2CB40}.Debug|Any CPU.ActiveCfg = Debug|Any CPU
		{D63AD810-5835-49D6-B14F-334E6EA2CB40}.Debug|Any CPU.Build.0 = Debug|Any CPU
		{D63AD810-5835-49D6-B14F-334E6EA2CB40}.Release|Any CPU.ActiveCfg = Release|Any CPU
		{D63AD810-5835-49D6-B14F-334E6EA2CB40}.Release|Any CPU.Build.0 = Release|Any CPU
		{2016D3F6-9AF1-45D8-A0B2-49202D5376D5}.Debug|Any CPU.ActiveCfg = Debug|Any CPU
		{2016D3F6-9AF1-45D8-A0B2-49202D5376D5}.Debug|Any CPU.Build.0 = Debug|Any CPU
		{2016D3F6-9AF1-45D8-A0B2-49202D5376D5}.Release|Any CPU.ActiveCfg = Release|Any CPU
		{2016D3F6-9AF1-45D8-A0B2-49202D5376D5}.Release|Any CPU.Build.0 = Release|Any CPU
		{FC0E683A-38BE-494C-93F1-65747197DCD7}.Debug|Any CPU.ActiveCfg = Debug|Any CPU
		{FC0E683A-38BE-494C-93F1-65747197DCD7}.Debug|Any CPU.Build.0 = Debug|Any CPU
		{FC0E683A-38BE-494C-93F1-65747197DCD7}.Release|Any CPU.ActiveCfg = Release|Any CPU
		{FC0E683A-38BE-494C-93F1-65747197DCD7}.Release|Any CPU.Build.0 = Release|Any CPU
		{4C1F0E64-B3F7-4826-98D5-95EC14146F95}.Debug|Any CPU.ActiveCfg = Debug|Any CPU
		{4C1F0E64-B3F7-4826-98D5-95EC14146F95}.Debug|Any CPU.Build.0 = Debug|Any CPU
		{4C1F0E64-B3F7-4826-98D5-95EC14146F95}.Release|Any CPU.ActiveCfg = Release|Any CPU
		{4C1F0E64-B3F7-4826-98D5-95EC14146F95}.Release|Any CPU.Build.0 = Release|Any CPU
		{F876BBF0-1E1C-4780-BE02-945E1FD80E8B}.Debug|Any CPU.ActiveCfg = Debug|Any CPU
		{F876BBF0-1E1C-4780-BE02-945E1FD80E8B}.Debug|Any CPU.Build.0 = Debug|Any CPU
		{F876BBF0-1E1C-4780-BE02-945E1FD80E8B}.Release|Any CPU.ActiveCfg = Release|Any CPU
		{F876BBF0-1E1C-4780-BE02-945E1FD80E8B}.Release|Any CPU.Build.0 = Release|Any CPU
		{E99901C3-ABF3-4061-BF19-F290EEF65935}.Debug|Any CPU.ActiveCfg = Debug|Any CPU
		{E99901C3-ABF3-4061-BF19-F290EEF65935}.Debug|Any CPU.Build.0 = Debug|Any CPU
		{E99901C3-ABF3-4061-BF19-F290EEF65935}.Release|Any CPU.ActiveCfg = Release|x86
		{E0998604-16D1-4525-8414-A65EF7BC15C8}.Debug|Any CPU.ActiveCfg = Debug|Any CPU
		{E0998604-16D1-4525-8414-A65EF7BC15C8}.Debug|Any CPU.Build.0 = Debug|Any CPU
		{E0998604-16D1-4525-8414-A65EF7BC15C8}.Release|Any CPU.ActiveCfg = Release|x86
		{D630AA92-126B-46B9-BC68-3FF277445ACE}.Debug|Any CPU.ActiveCfg = Debug|Any CPU
		{D630AA92-126B-46B9-BC68-3FF277445ACE}.Debug|Any CPU.Build.0 = Debug|Any CPU
		{D630AA92-126B-46B9-BC68-3FF277445ACE}.Release|Any CPU.ActiveCfg = Release|x86
		{EDACD83A-AA92-4481-BB69-A28C67A6C7F9}.Debug|Any CPU.ActiveCfg = Debug|Any CPU
		{EDACD83A-AA92-4481-BB69-A28C67A6C7F9}.Debug|Any CPU.Build.0 = Debug|Any CPU
		{EDACD83A-AA92-4481-BB69-A28C67A6C7F9}.Release|Any CPU.ActiveCfg = Release|Any CPU
		{EDACD83A-AA92-4481-BB69-A28C67A6C7F9}.Release|Any CPU.Build.0 = Release|Any CPU
		{4E0A4851-EB71-491C-8027-4AF7B6A830BB}.Debug|Any CPU.ActiveCfg = Debug|Any CPU
		{4E0A4851-EB71-491C-8027-4AF7B6A830BB}.Debug|Any CPU.Build.0 = Debug|Any CPU
		{4E0A4851-EB71-491C-8027-4AF7B6A830BB}.Release|Any CPU.ActiveCfg = Release|Any CPU
		{4E0A4851-EB71-491C-8027-4AF7B6A830BB}.Release|Any CPU.Build.0 = Release|Any CPU
	EndGlobalSection
	GlobalSection(SolutionProperties) = preSolution
		HideSolutionNode = FALSE
	EndGlobalSection
	GlobalSection(ExtensibilityGlobals) = postSolution
		SolutionGuid = {EAF32F81-11CE-4293-9757-DAE697B5381E}
	EndGlobalSection
EndGlobal
