
Microsoft Visual Studio Solution File, Format Version 11.00
# Visual Studio 2010
Project("{FAE04EC0-301F-11D3-BF4B-00C04F79EFBC}") = "CaptureTaskManager_NoDartFTP", "CaptureTaskManager\CaptureTaskManager_NoDartFTP.csproj", "{33A89D24-7D43-4947-BB99-BEA208A5F704}"
EndProject
Project("{FAE04EC0-301F-11D3-BF4B-00C04F79EFBC}") = "CTM_Shared", "CTM_Shared\CTM_Shared.csproj", "{7D07F054-0D29-45DD-9B22-71D0768BC3C3}"
EndProject
Project("{FAE04EC0-301F-11D3-BF4B-00C04F79EFBC}") = "DatasetArchivePlugin_NoDartFTP", "..\DatasetArchivePlugin\DatasetArchivePlugin\DatasetArchivePlugin_NoDartFTP.csproj", "{0874E937-E8F5-4449-A32F-7F1010E84670}"
EndProject
Project("{FAE04EC0-301F-11D3-BF4B-00C04F79EFBC}") = "Pacifica.DMS_Metadata", "..\DatasetArchivePlugin\pacifica\Pacifica.DMS_Metadata\Pacifica.DMS_Metadata.csproj", "{EDACD83A-AA92-4481-BB69-A28C67A6C7F9}"
EndProject
Project("{FAE04EC0-301F-11D3-BF4B-00C04F79EFBC}") = "Pacifica.Core", "..\DatasetArchivePlugin\pacifica\Pacifica.Core\Pacifica.Core.csproj", "{46D080DA-392C-4F7C-B2F7-683695B1C029}"
EndProject
Global
	GlobalSection(SolutionConfigurationPlatforms) = preSolution
		Debug|Any CPU = Debug|Any CPU
		Debug|x64 = Debug|x64
		Debug|x86 = Debug|x86
		Release|Any CPU = Release|Any CPU
		Release|x64 = Release|x64
		Release|x86 = Release|x86
	EndGlobalSection
	GlobalSection(ProjectConfigurationPlatforms) = postSolution
		{33A89D24-7D43-4947-BB99-BEA208A5F704}.Debug|Any CPU.ActiveCfg = Debug|x86
		{33A89D24-7D43-4947-BB99-BEA208A5F704}.Debug|x64.ActiveCfg = Debug|x86
		{33A89D24-7D43-4947-BB99-BEA208A5F704}.Debug|x86.ActiveCfg = Debug|x86
		{33A89D24-7D43-4947-BB99-BEA208A5F704}.Debug|x86.Build.0 = Debug|x86
		{33A89D24-7D43-4947-BB99-BEA208A5F704}.Release|Any CPU.ActiveCfg = Release|x86
		{33A89D24-7D43-4947-BB99-BEA208A5F704}.Release|x64.ActiveCfg = Release|x86
		{33A89D24-7D43-4947-BB99-BEA208A5F704}.Release|x86.ActiveCfg = Release|x86
		{33A89D24-7D43-4947-BB99-BEA208A5F704}.Release|x86.Build.0 = Release|x86
		{7D07F054-0D29-45DD-9B22-71D0768BC3C3}.Debug|Any CPU.ActiveCfg = Debug|x86
		{7D07F054-0D29-45DD-9B22-71D0768BC3C3}.Debug|x64.ActiveCfg = Debug|x86
		{7D07F054-0D29-45DD-9B22-71D0768BC3C3}.Debug|x86.ActiveCfg = Debug|x86
		{7D07F054-0D29-45DD-9B22-71D0768BC3C3}.Debug|x86.Build.0 = Debug|x86
		{7D07F054-0D29-45DD-9B22-71D0768BC3C3}.Release|Any CPU.ActiveCfg = Release|x86
		{7D07F054-0D29-45DD-9B22-71D0768BC3C3}.Release|x64.ActiveCfg = Release|x86
		{7D07F054-0D29-45DD-9B22-71D0768BC3C3}.Release|x86.ActiveCfg = Release|x86
		{7D07F054-0D29-45DD-9B22-71D0768BC3C3}.Release|x86.Build.0 = Release|x86
		{0874E937-E8F5-4449-A32F-7F1010E84670}.Debug|Any CPU.ActiveCfg = Debug|x86
		{0874E937-E8F5-4449-A32F-7F1010E84670}.Debug|x64.ActiveCfg = Debug|x86
		{0874E937-E8F5-4449-A32F-7F1010E84670}.Debug|x86.ActiveCfg = Debug|x86
		{0874E937-E8F5-4449-A32F-7F1010E84670}.Debug|x86.Build.0 = Debug|x86
		{0874E937-E8F5-4449-A32F-7F1010E84670}.Release|Any CPU.ActiveCfg = Release|x86
		{0874E937-E8F5-4449-A32F-7F1010E84670}.Release|x64.ActiveCfg = Release|x86
		{0874E937-E8F5-4449-A32F-7F1010E84670}.Release|x86.ActiveCfg = Release|x86
		{0874E937-E8F5-4449-A32F-7F1010E84670}.Release|x86.Build.0 = Release|x86
		{EDACD83A-AA92-4481-BB69-A28C67A6C7F9}.Debug|Any CPU.ActiveCfg = Debug|x64
		{EDACD83A-AA92-4481-BB69-A28C67A6C7F9}.Debug|x64.ActiveCfg = Debug|x64
		{EDACD83A-AA92-4481-BB69-A28C67A6C7F9}.Debug|x64.Build.0 = Debug|x64
		{EDACD83A-AA92-4481-BB69-A28C67A6C7F9}.Debug|x86.ActiveCfg = Debug|x86
		{EDACD83A-AA92-4481-BB69-A28C67A6C7F9}.Debug|x86.Build.0 = Debug|x86
		{EDACD83A-AA92-4481-BB69-A28C67A6C7F9}.Release|Any CPU.ActiveCfg = Release|x64
		{EDACD83A-AA92-4481-BB69-A28C67A6C7F9}.Release|x64.ActiveCfg = Release|x64
		{EDACD83A-AA92-4481-BB69-A28C67A6C7F9}.Release|x64.Build.0 = Release|x64
		{EDACD83A-AA92-4481-BB69-A28C67A6C7F9}.Release|x86.ActiveCfg = Release|x86
		{EDACD83A-AA92-4481-BB69-A28C67A6C7F9}.Release|x86.Build.0 = Release|x86
		{46D080DA-392C-4F7C-B2F7-683695B1C029}.Debug|Any CPU.ActiveCfg = Debug|x64
		{46D080DA-392C-4F7C-B2F7-683695B1C029}.Debug|x64.ActiveCfg = Debug|x64
		{46D080DA-392C-4F7C-B2F7-683695B1C029}.Debug|x64.Build.0 = Debug|x64
		{46D080DA-392C-4F7C-B2F7-683695B1C029}.Debug|x86.ActiveCfg = Debug|x86
		{46D080DA-392C-4F7C-B2F7-683695B1C029}.Debug|x86.Build.0 = Debug|x86
		{46D080DA-392C-4F7C-B2F7-683695B1C029}.Release|Any CPU.ActiveCfg = Release|x64
		{46D080DA-392C-4F7C-B2F7-683695B1C029}.Release|x64.ActiveCfg = Release|x64
		{46D080DA-392C-4F7C-B2F7-683695B1C029}.Release|x64.Build.0 = Release|x64
		{46D080DA-392C-4F7C-B2F7-683695B1C029}.Release|x86.ActiveCfg = Release|x86
		{46D080DA-392C-4F7C-B2F7-683695B1C029}.Release|x86.Build.0 = Release|x86
	EndGlobalSection
	GlobalSection(SolutionProperties) = preSolution
		HideSolutionNode = FALSE
	EndGlobalSection
EndGlobal
