
Microsoft Visual Studio Solution File, Format Version 10.00
# Visual Studio 2008
Project("{FAE04EC0-301F-11D3-BF4B-00C04F79EFBC}") = "DatasetArchivePlugin", "DatasetArchivePlugin\DatasetArchivePlugin.csproj", "{FC0E683A-38BE-494C-93F1-65747197DCD7}"
EndProject
Global
	GlobalSection(SolutionConfigurationPlatforms) = preSolution
		Debug|Any CPU = Debug|Any CPU
		Release|Any CPU = Release|Any CPU
	EndGlobalSection
	GlobalSection(ProjectConfigurationPlatforms) = postSolution
		{FC0E683A-38BE-494C-93F1-65747197DCD7}.Debug|Any CPU.ActiveCfg = Debug|Any CPU
		{FC0E683A-38BE-494C-93F1-65747197DCD7}.Debug|Any CPU.Build.0 = Debug|Any CPU
		{FC0E683A-38BE-494C-93F1-65747197DCD7}.Release|Any CPU.ActiveCfg = Release|Any CPU
		{FC0E683A-38BE-494C-93F1-65747197DCD7}.Release|Any CPU.Build.0 = Release|Any CPU
	EndGlobalSection
	GlobalSection(SolutionProperties) = preSolution
		HideSolutionNode = FALSE
	EndGlobalSection
EndGlobal
