
Microsoft Visual Studio Solution File, Format Version 12.00
# Visual Studio 15
VisualStudioVersion = 15.0.28307.329
MinimumVisualStudioVersion = 10.0.40219.1
Project("{FAE04EC0-301F-11D3-BF4B-00C04F79EFBC}") = "DatasetInfoPlugin", "DatasetInfoPlugin\DatasetInfoPlugin.csproj", "{4C1F0E64-B3F7-4826-98D5-95EC14146F95}"
EndProject
Global
	GlobalSection(SolutionConfigurationPlatforms) = preSolution
		Debug|Any CPU = Debug|Any CPU
		Release|Any CPU = Release|Any CPU
	EndGlobalSection
	GlobalSection(ProjectConfigurationPlatforms) = postSolution
		{4C1F0E64-B3F7-4826-98D5-95EC14146F95}.Debug|Any CPU.ActiveCfg = Debug|Any CPU
		{4C1F0E64-B3F7-4826-98D5-95EC14146F95}.Debug|Any CPU.Build.0 = Debug|Any CPU
		{4C1F0E64-B3F7-4826-98D5-95EC14146F95}.Release|Any CPU.ActiveCfg = Release|x86
		{4C1F0E64-B3F7-4826-98D5-95EC14146F95}.Release|Any CPU.Build.0 = Release|x86
	EndGlobalSection
	GlobalSection(SolutionProperties) = preSolution
		HideSolutionNode = FALSE
	EndGlobalSection
	GlobalSection(ExtensibilityGlobals) = postSolution
		SolutionGuid = {18A7DCAA-B50F-4684-B409-74DBCE4FE1CD}
	EndGlobalSection
EndGlobal
